
Microsoft Visual Studio Solution File, Format Version 12.00
# Visual Studio 15
VisualStudioVersion = 15.0.28307.902
MinimumVisualStudioVersion = 10.0.40219.1
Project("{FAE04EC0-301F-11D3-BF4B-00C04F79EFBC}") = "ConsoleApp1-DotNetCore", "ConsoleApp1-DotNetCore\ConsoleApp1-DotNetCore.csproj", "{E46D6F2F-A540-41DD-9CCB-1299CBEA480F}"
EndProject
Global
	GlobalSection(SolutionConfigurationPlatforms) = preSolution
		Debug|Any CPU = Debug|Any CPU
		Release|Any CPU = Release|Any CPU
	EndGlobalSection
	GlobalSection(ProjectConfigurationPlatforms) = postSolution
		{E46D6F2F-A540-41DD-9CCB-1299CBEA480F}.Debug|Any CPU.ActiveCfg = Debug|Any CPU
		{E46D6F2F-A540-41DD-9CCB-1299CBEA480F}.Debug|Any CPU.Build.0 = Debug|Any CPU
		{E46D6F2F-A540-41DD-9CCB-1299CBEA480F}.Release|Any CPU.ActiveCfg = Release|Any CPU
		{E46D6F2F-A540-41DD-9CCB-1299CBEA480F}.Release|Any CPU.Build.0 = Release|Any CPU
	EndGlobalSection
	GlobalSection(SolutionProperties) = preSolution
		HideSolutionNode = FALSE
	EndGlobalSection
	GlobalSection(ExtensibilityGlobals) = postSolution
		SolutionGuid = {EA7F81AE-7983-4999-AFF9-254D64505F8A}
	EndGlobalSection
EndGlobal
